
Microsoft Visual Studio Solution File, Format Version 12.00
# Visual Studio 15
Project("{FAE04EC0-301F-11D3-BF4B-00C04F79EFBC}") = "Assembly-CSharp", "Assembly-CSharp.csproj", "{D6065359-63C3-C2D4-1F73-AC2B1612149D}"
EndProject
Project("{FAE04EC0-301F-11D3-BF4B-00C04F79EFBC}") = "Assembly-CSharp-firstpass", "Assembly-CSharp-firstpass.csproj", "{136C3D29-6B09-2105-0D48-478B7044C182}"
EndProject
Global
	GlobalSection(SolutionConfigurationPlatforms) = preSolution
		Debug|Any CPU = Debug|Any CPU
		Release|Any CPU = Release|Any CPU
	EndGlobalSection
	GlobalSection(ProjectConfigurationPlatforms) = postSolution
		{D6065359-63C3-C2D4-1F73-AC2B1612149D}.Debug|Any CPU.ActiveCfg = Debug|Any CPU
		{D6065359-63C3-C2D4-1F73-AC2B1612149D}.Debug|Any CPU.Build.0 = Debug|Any CPU
		{D6065359-63C3-C2D4-1F73-AC2B1612149D}.Release|Any CPU.ActiveCfg = Release|Any CPU
		{D6065359-63C3-C2D4-1F73-AC2B1612149D}.Release|Any CPU.Build.0 = Release|Any CPU
		{136C3D29-6B09-2105-0D48-478B7044C182}.Debug|Any CPU.ActiveCfg = Debug|Any CPU
		{136C3D29-6B09-2105-0D48-478B7044C182}.Debug|Any CPU.Build.0 = Debug|Any CPU
		{136C3D29-6B09-2105-0D48-478B7044C182}.Release|Any CPU.ActiveCfg = Release|Any CPU
		{136C3D29-6B09-2105-0D48-478B7044C182}.Release|Any CPU.Build.0 = Release|Any CPU
	EndGlobalSection
	GlobalSection(SolutionProperties) = preSolution
		HideSolutionNode = FALSE
	EndGlobalSection
EndGlobal
